// !$*UTF8*$!
{
	archiveVersion = 1;
	classes = {
	};
	objectVersion = 77;
	objects = {

/* Begin PBXContainerItemProxy section */
		14FA23792ED5934700AF7F67 /* PBXContainerItemProxy */ = {
			isa = PBXContainerItemProxy;
			containerPortal = 14FA23632ED5934600AF7F67 /* Project object */;
			proxyType = 1;
			remoteGlobalIDString = 14FA236A2ED5934600AF7F67;
			remoteInfo = TakeCtrl;
		};
		14FA23832ED5934700AF7F67 /* PBXContainerItemProxy */ = {
			isa = PBXContainerItemProxy;
			containerPortal = 14FA23632ED5934600AF7F67 /* Project object */;
			proxyType = 1;
			remoteGlobalIDString = 14FA236A2ED5934600AF7F67;
			remoteInfo = TakeCtrl;
		};
/* End PBXContainerItemProxy section */

/* Begin PBXFileReference section */
		14FA236B2ED5934600AF7F67 /* TakeCtrl.app */ = {isa = PBXFileReference; explicitFileType = wrapper.application; includeInIndex = 0; path = TakeCtrl.app; sourceTree = BUILT_PRODUCTS_DIR; };
		14FA23782ED5934700AF7F67 /* TakeCtrlTests.xctest */ = {isa = PBXFileReference; explicitFileType = wrapper.cfbundle; includeInIndex = 0; path = TakeCtrlTests.xctest; sourceTree = BUILT_PRODUCTS_DIR; };
		14FA23822ED5934700AF7F67 /* TakeCtrlUITests.xctest */ = {isa = PBXFileReference; explicitFileType = wrapper.cfbundle; includeInIndex = 0; path = TakeCtrlUITests.xctest; sourceTree = BUILT_PRODUCTS_DIR; };
/* End PBXFileReference section */

/* Begin PBXFileSystemSynchronizedRootGroup section */
		14FA236D2ED5934600AF7F67 /* TakeCtrl */ = {
			isa = PBXFileSystemSynchronizedRootGroup;
			path = TakeCtrl;
			sourceTree = "<group>";
		};
		14FA237B2ED5934700AF7F67 /* TakeCtrlTests */ = {
			isa = PBXFileSystemSynchronizedRootGroup;
			path = TakeCtrlTests;
			sourceTree = "<group>";
		};
		14FA23852ED5934700AF7F67 /* TakeCtrlUITests */ = {
			isa = PBXFileSystemSynchronizedRootGroup;
			path = TakeCtrlUITests;
			sourceTree = "<group>";
		};
/* End PBXFileSystemSynchronizedRootGroup section */

/* Begin PBXFrameworksBuildPhase section */
		14FA23682ED5934600AF7F67 /* Frameworks */ = {
			isa = PBXFrameworksBuildPhase;
			buildActionMask = 2147483647;
			files = (
			);
			runOnlyForDeploymentPostprocessing = 0;
		};
		14FA23752ED5934700AF7F67 /* Frameworks */ = {
			isa = PBXFrameworksBuildPhase;
			buildActionMask = 2147483647;
			files = (
			);
			runOnlyForDeploymentPostprocessing = 0;
		};
		14FA237F2ED5934700AF7F67 /* Frameworks */ = {
			isa = PBXFrameworksBuildPhase;
			buildActionMask = 2147483647;
			files = (
			);
			runOnlyForDeploymentPostprocessing = 0;
		};
/* End PBXFrameworksBuildPhase section */

/* Begin PBXGroup section */
		14FA23622ED5934600AF7F67 = {
			isa = PBXGroup;
			children = (
				14FA236D2ED5934600AF7F67 /* TakeCtrl */,
				14FA237B2ED5934700AF7F67 /* TakeCtrlTests */,
				14FA23852ED5934700AF7F67 /* TakeCtrlUITests */,
				14FA236C2ED5934600AF7F67 /* Products */,
			);
			sourceTree = "<group>";
		};
		14FA236C2ED5934600AF7F67 /* Products */ = {
			isa = PBXGroup;
			children = (
				14FA236B2ED5934600AF7F67 /* TakeCtrl.app */,
				14FA23782ED5934700AF7F67 /* TakeCtrlTests.xctest */,
				14FA23822ED5934700AF7F67 /* TakeCtrlUITests.xctest */,
			);
			name = Products;
			sourceTree = "<group>";
		};
/* End PBXGroup section */

/* Begin PBXNativeTarget section */
		14FA236A2ED5934600AF7F67 /* TakeCtrl */ = {
			isa = PBXNativeTarget;
			buildConfigurationList = 14FA238C2ED5934700AF7F67 /* Build configuration list for PBXNativeTarget "TakeCtrl" */;
			buildPhases = (
				14FA23672ED5934600AF7F67 /* Sources */,
				14FA23682ED5934600AF7F67 /* Frameworks */,
				14FA23692ED5934600AF7F67 /* Resources */,
			);
			buildRules = (
			);
			dependencies = (
			);
			fileSystemSynchronizedGroups = (
				14FA236D2ED5934600AF7F67 /* TakeCtrl */,
			);
			name = TakeCtrl;
			packageProductDependencies = (
			);
			productName = TakeCtrl;
			productReference = 14FA236B2ED5934600AF7F67 /* TakeCtrl.app */;
			productType = "com.apple.product-type.application";
		};
		14FA23772ED5934700AF7F67 /* TakeCtrlTests */ = {
			isa = PBXNativeTarget;
			buildConfigurationList = 14FA238F2ED5934700AF7F67 /* Build configuration list for PBXNativeTarget "TakeCtrlTests" */;
			buildPhases = (
				14FA23742ED5934700AF7F67 /* Sources */,
				14FA23752ED5934700AF7F67 /* Frameworks */,
				14FA23762ED5934700AF7F67 /* Resources */,
			);
			buildRules = (
			);
			dependencies = (
				14FA237A2ED5934700AF7F67 /* PBXTargetDependency */,
			);
			fileSystemSynchronizedGroups = (
				14FA237B2ED5934700AF7F67 /* TakeCtrlTests */,
			);
			name = TakeCtrlTests;
			packageProductDependencies = (
			);
			productName = TakeCtrlTests;
			productReference = 14FA23782ED5934700AF7F67 /* TakeCtrlTests.xctest */;
			productType = "com.apple.product-type.bundle.unit-test";
		};
		14FA23812ED5934700AF7F67 /* TakeCtrlUITests */ = {
			isa = PBXNativeTarget;
			buildConfigurationList = 14FA23922ED5934700AF7F67 /* Build configuration list for PBXNativeTarget "TakeCtrlUITests" */;
			buildPhases = (
				14FA237E2ED5934700AF7F67 /* Sources */,
				14FA237F2ED5934700AF7F67 /* Frameworks */,
				14FA23802ED5934700AF7F67 /* Resources */,
			);
			buildRules = (
			);
			dependencies = (
				14FA23842ED5934700AF7F67 /* PBXTargetDependency */,
			);
			fileSystemSynchronizedGroups = (
				14FA23852ED5934700AF7F67 /* TakeCtrlUITests */,
			);
			name = TakeCtrlUITests;
			packageProductDependencies = (
			);
			productName = TakeCtrlUITests;
			productReference = 14FA23822ED5934700AF7F67 /* TakeCtrlUITests.xctest */;
			productType = "com.apple.product-type.bundle.ui-testing";
		};
/* End PBXNativeTarget section */

/* Begin PBXProject section */
		14FA23632ED5934600AF7F67 /* Project object */ = {
			isa = PBXProject;
			attributes = {
				BuildIndependentTargetsInParallel = 1;
				LastSwiftUpdateCheck = 2610;
				LastUpgradeCheck = 2610;
				TargetAttributes = {
					14FA236A2ED5934600AF7F67 = {
						CreatedOnToolsVersion = 26.1.1;
					};
					14FA23772ED5934700AF7F67 = {
						CreatedOnToolsVersion = 26.1.1;
						TestTargetID = 14FA236A2ED5934600AF7F67;
					};
					14FA23812ED5934700AF7F67 = {
						CreatedOnToolsVersion = 26.1.1;
						TestTargetID = 14FA236A2ED5934600AF7F67;
					};
				};
			};
			buildConfigurationList = 14FA23662ED5934600AF7F67 /* Build configuration list for PBXProject "TakeCtrl" */;
			developmentRegion = en;
			hasScannedForEncodings = 0;
			knownRegions = (
				en,
				Base,
			);
			mainGroup = 14FA23622ED5934600AF7F67;
			minimizedProjectReferenceProxies = 1;
			preferredProjectObjectVersion = 77;
			productRefGroup = 14FA236C2ED5934600AF7F67 /* Products */;
			projectDirPath = "";
			projectRoot = "";
			targets = (
				14FA236A2ED5934600AF7F67 /* TakeCtrl */,
				14FA23772ED5934700AF7F67 /* TakeCtrlTests */,
				14FA23812ED5934700AF7F67 /* TakeCtrlUITests */,
			);
		};
/* End PBXProject section */

/* Begin PBXResourcesBuildPhase section */
		14FA23692ED5934600AF7F67 /* Resources */ = {
			isa = PBXResourcesBuildPhase;
			buildActionMask = 2147483647;
			files = (
			);
			runOnlyForDeploymentPostprocessing = 0;
		};
		14FA23762ED5934700AF7F67 /* Resources */ = {
			isa = PBXResourcesBuildPhase;
			buildActionMask = 2147483647;
			files = (
			);
			runOnlyForDeploymentPostprocessing = 0;
		};
		14FA23802ED5934700AF7F67 /* Resources */ = {
			isa = PBXResourcesBuildPhase;
			buildActionMask = 2147483647;
			files = (
			);
			runOnlyForDeploymentPostprocessing = 0;
		};
/* End PBXResourcesBuildPhase section */

/* Begin PBXSourcesBuildPhase section */
		14FA23672ED5934600AF7F67 /* Sources */ = {
			isa = PBXSourcesBuildPhase;
			buildActionMask = 2147483647;
			files = (
			);
			runOnlyForDeploymentPostprocessing = 0;
		};
		14FA23742ED5934700AF7F67 /* Sources */ = {
			isa = PBXSourcesBuildPhase;
			buildActionMask = 2147483647;
			files = (
			);
			runOnlyForDeploymentPostprocessing = 0;
		};
		14FA237E2ED5934700AF7F67 /* Sources */ = {
			isa = PBXSourcesBuildPhase;
			buildActionMask = 2147483647;
			files = (
			);
			runOnlyForDeploymentPostprocessing = 0;
		};
/* End PBXSourcesBuildPhase section */

/* Begin PBXTargetDependency section */
		14FA237A2ED5934700AF7F67 /* PBXTargetDependency */ = {
			isa = PBXTargetDependency;
			target = 14FA236A2ED5934600AF7F67 /* TakeCtrl */;
			targetProxy = 14FA23792ED5934700AF7F67 /* PBXContainerItemProxy */;
		};
		14FA23842ED5934700AF7F67 /* PBXTargetDependency */ = {
			isa = PBXTargetDependency;
			target = 14FA236A2ED5934600AF7F67 /* TakeCtrl */;
			targetProxy = 14FA23832ED5934700AF7F67 /* PBXContainerItemProxy */;
		};
/* End PBXTargetDependency section */

/* Begin XCBuildConfiguration section */
		14FA238A2ED5934700AF7F67 /* Debug */ = {
			isa = XCBuildConfiguration;
			buildSettings = {
				ALWAYS_SEARCH_USER_PATHS = NO;
				ASSETCATALOG_COMPILER_GENERATE_SWIFT_ASSET_SYMBOL_EXTENSIONS = YES;
				CLANG_ANALYZER_NONNULL = YES;
				CLANG_ANALYZER_NUMBER_OBJECT_CONVERSION = YES_AGGRESSIVE;
				CLANG_CXX_LANGUAGE_STANDARD = "gnu++20";
				CLANG_ENABLE_MODULES = YES;
				CLANG_ENABLE_OBJC_ARC = YES;
				CLANG_ENABLE_OBJC_WEAK = YES;
				CLANG_WARN_BLOCK_CAPTURE_AUTORELEASING = YES;
				CLANG_WARN_BOOL_CONVERSION = YES;
				CLANG_WARN_COMMA = YES;
				CLANG_WARN_CONSTANT_CONVERSION = YES;
				CLANG_WARN_DEPRECATED_OBJC_IMPLEMENTATIONS = YES;
				CLANG_WARN_DIRECT_OBJC_ISA_USAGE = YES_ERROR;
				CLANG_WARN_DOCUMENTATION_COMMENTS = YES;
				CLANG_WARN_EMPTY_BODY = YES;
				CLANG_WARN_ENUM_CONVERSION = YES;
				CLANG_WARN_INFINITE_RECURSION = YES;
				CLANG_WARN_INT_CONVERSION = YES;
				CLANG_WARN_NON_LITERAL_NULL_CONVERSION = YES;
				CLANG_WARN_OBJC_IMPLICIT_RETAIN_SELF = YES;
				CLANG_WARN_OBJC_LITERAL_CONVERSION = YES;
				CLANG_WARN_OBJC_ROOT_CLASS = YES_ERROR;
				CLANG_WARN_QUOTED_INCLUDE_IN_FRAMEWORK_HEADER = YES;
				CLANG_WARN_RANGE_LOOP_ANALYSIS = YES;
				CLANG_WARN_STRICT_PROTOTYPES = YES;
				CLANG_WARN_SUSPICIOUS_MOVE = YES;
				CLANG_WARN_UNGUARDED_AVAILABILITY = YES_AGGRESSIVE;
				CLANG_WARN_UNREACHABLE_CODE = YES;
				CLANG_WARN__DUPLICATE_METHOD_MATCH = YES;
				COPY_PHASE_STRIP = NO;
				DEBUG_INFORMATION_FORMAT = dwarf;
				DEVELOPMENT_TEAM = 8HU9P4Z7Y7;
				ENABLE_STRICT_OBJC_MSGSEND = YES;
				ENABLE_TESTABILITY = YES;
				ENABLE_USER_SCRIPT_SANDBOXING = YES;
				GCC_C_LANGUAGE_STANDARD = gnu17;
				GCC_DYNAMIC_NO_PIC = NO;
				GCC_NO_COMMON_BLOCKS = YES;
				GCC_OPTIMIZATION_LEVEL = 0;
				GCC_PREPROCESSOR_DEFINITIONS = (
					"DEBUG=1",
					"$(inherited)",
				);
				GCC_WARN_64_TO_32_BIT_CONVERSION = YES;
				GCC_WARN_ABOUT_RETURN_TYPE = YES_ERROR;
				GCC_WARN_UNDECLARED_SELECTOR = YES;
				GCC_WARN_UNINITIALIZED_AUTOS = YES_AGGRESSIVE;
				GCC_WARN_UNUSED_FUNCTION = YES;
				GCC_WARN_UNUSED_VARIABLE = YES;
				LOCALIZATION_PREFERS_STRING_CATALOGS = YES;
				MACOSX_DEPLOYMENT_TARGET = 26.1;
				MTL_ENABLE_DEBUG_INFO = INCLUDE_SOURCE;
				MTL_FAST_MATH = YES;
				ONLY_ACTIVE_ARCH = YES;
				SDKROOT = macosx;
				SWIFT_ACTIVE_COMPILATION_CONDITIONS = "DEBUG $(inherited)";
				SWIFT_OPTIMIZATION_LEVEL = "-Onone";
			};
			name = Debug;
		};
		14FA238B2ED5934700AF7F67 /* Release */ = {
			isa = XCBuildConfiguration;
			buildSettings = {
				ALWAYS_SEARCH_USER_PATHS = NO;
				ASSETCATALOG_COMPILER_GENERATE_SWIFT_ASSET_SYMBOL_EXTENSIONS = YES;
				CLANG_ANALYZER_NONNULL = YES;
				CLANG_ANALYZER_NUMBER_OBJECT_CONVERSION = YES_AGGRESSIVE;
				CLANG_CXX_LANGUAGE_STANDARD = "gnu++20";
				CLANG_ENABLE_MODULES = YES;
				CLANG_ENABLE_OBJC_ARC = YES;
				CLANG_ENABLE_OBJC_WEAK = YES;
				CLANG_WARN_BLOCK_CAPTURE_AUTORELEASING = YES;
				CLANG_WARN_BOOL_CONVERSION = YES;
				CLANG_WARN_COMMA = YES;
				CLANG_WARN_CONSTANT_CONVERSION = YES;
				CLANG_WARN_DEPRECATED_OBJC_IMPLEMENTATIONS = YES;
				CLANG_WARN_DIRECT_OBJC_ISA_USAGE = YES_ERROR;
				CLANG_WARN_DOCUMENTATION_COMMENTS = YES;
				CLANG_WARN_EMPTY_BODY = YES;
				CLANG_WARN_ENUM_CONVERSION = YES;
				CLANG_WARN_INFINITE_RECURSION = YES;
				CLANG_WARN_INT_CONVERSION = YES;
				CLANG_WARN_NON_LITERAL_NULL_CONVERSION = YES;
				CLANG_WARN_OBJC_IMPLICIT_RETAIN_SELF = YES;
				CLANG_WARN_OBJC_LITERAL_CONVERSION = YES;
				CLANG_WARN_OBJC_ROOT_CLASS = YES_ERROR;
				CLANG_WARN_QUOTED_INCLUDE_IN_FRAMEWORK_HEADER = YES;
				CLANG_WARN_RANGE_LOOP_ANALYSIS = YES;
				CLANG_WARN_STRICT_PROTOTYPES = YES;
				CLANG_WARN_SUSPICIOUS_MOVE = YES;
				CLANG_WARN_UNGUARDED_AVAILABILITY = YES_AGGRESSIVE;
				CLANG_WARN_UNREACHABLE_CODE = YES;
				CLANG_WARN__DUPLICATE_METHOD_MATCH = YES;
				COPY_PHASE_STRIP = NO;
				DEBUG_INFORMATION_FORMAT = "dwarf-with-dsym";
				DEVELOPMENT_TEAM = 8HU9P4Z7Y7;
				ENABLE_NS_ASSERTIONS = NO;
				ENABLE_STRICT_OBJC_MSGSEND = YES;
				ENABLE_USER_SCRIPT_SANDBOXING = YES;
				GCC_C_LANGUAGE_STANDARD = gnu17;
				GCC_NO_COMMON_BLOCKS = YES;
				GCC_WARN_64_TO_32_BIT_CONVERSION = YES;
				GCC_WARN_ABOUT_RETURN_TYPE = YES_ERROR;
				GCC_WARN_UNDECLARED_SELECTOR = YES;
				GCC_WARN_UNINITIALIZED_AUTOS = YES_AGGRESSIVE;
				GCC_WARN_UNUSED_FUNCTION = YES;
				GCC_WARN_UNUSED_VARIABLE = YES;
				LOCALIZATION_PREFERS_STRING_CATALOGS = YES;
				MACOSX_DEPLOYMENT_TARGET = 26.1;
				MTL_ENABLE_DEBUG_INFO = NO;
				MTL_FAST_MATH = YES;
				SDKROOT = macosx;
				SWIFT_COMPILATION_MODE = wholemodule;
			};
			name = Release;
		};
		14FA238D2ED5934700AF7F67 /* Debug */ = {
			isa = XCBuildConfiguration;
			buildSettings = {
				ASSETCATALOG_COMPILER_APPICON_NAME = AppIcon;
				ASSETCATALOG_COMPILER_GLOBAL_ACCENT_COLOR_NAME = AccentColor;
				CODE_SIGN_STYLE = Automatic;
				COMBINE_HIDPI_IMAGES = YES;
				CURRENT_PROJECT_VERSION = 1;
				DEVELOPMENT_TEAM = 8HU9P4Z7Y7;
				ENABLE_APP_SANDBOX = YES;
				ENABLE_HARDENED_RUNTIME = YES;
				ENABLE_PREVIEWS = YES;
				ENABLE_USER_SELECTED_FILES = readonly;
				GENERATE_INFOPLIST_FILE = YES;
				INFOPLIST_KEY_NSHumanReadableCopyright = "";
				LD_RUNPATH_SEARCH_PATHS = (
					"$(inherited)",
					"@executable_path/../Frameworks",
				);
				MARKETING_VERSION = 1.0;
				PRODUCT_BUNDLE_IDENTIFIER = zackdupree.TakeCtrl;
				PRODUCT_NAME = "$(TARGET_NAME)";
				REGISTER_APP_GROUPS = YES;
				STRING_CATALOG_GENERATE_SYMBOLS = YES;
				SWIFT_APPROACHABLE_CONCURRENCY = YES;
				SWIFT_DEFAULT_ACTOR_ISOLATION = MainActor;
				SWIFT_EMIT_LOC_STRINGS = YES;
				SWIFT_UPCOMING_FEATURE_MEMBER_IMPORT_VISIBILITY = YES;
				SWIFT_VERSION = 5.0;
			};
			name = Debug;
		};
		14FA238E2ED5934700AF7F67 /* Release */ = {
			isa = XCBuildConfiguration;
			buildSettings = {
				ASSETCATALOG_COMPILER_APPICON_NAME = AppIcon;
				ASSETCATALOG_COMPILER_GLOBAL_ACCENT_COLOR_NAME = AccentColor;
				CODE_SIGN_STYLE = Automatic;
				COMBINE_HIDPI_IMAGES = YES;
				CURRENT_PROJECT_VERSION = 1;
				DEVELOPMENT_TEAM = 8HU9P4Z7Y7;
				ENABLE_APP_SANDBOX = YES;
				ENABLE_HARDENED_RUNTIME = YES;
				ENABLE_PREVIEWS = YES;
				ENABLE_USER_SELECTED_FILES = readonly;
				GENERATE_INFOPLIST_FILE = YES;
				INFOPLIST_KEY_NSHumanReadableCopyright = "";
				LD_RUNPATH_SEARCH_PATHS = (
					"$(inherited)",
					"@executable_path/../Frameworks",
				);
				MARKETING_VERSION = 1.0;
				PRODUCT_BUNDLE_IDENTIFIER = zackdupree.TakeCtrl;
				PRODUCT_NAME = "$(TARGET_NAME)";
				REGISTER_APP_GROUPS = YES;
				STRING_CATALOG_GENERATE_SYMBOLS = YES;
				SWIFT_APPROACHABLE_CONCURRENCY = YES;
				SWIFT_DEFAULT_ACTOR_ISOLATION = MainActor;
				SWIFT_EMIT_LOC_STRINGS = YES;
				SWIFT_UPCOMING_FEATURE_MEMBER_IMPORT_VISIBILITY = YES;
				SWIFT_VERSION = 5.0;
			};
			name = Release;
		};
		14FA23902ED5934700AF7F67 /* Debug */ = {
			isa = XCBuildConfiguration;
			buildSettings = {
				BUNDLE_LOADER = "$(TEST_HOST)";
				CODE_SIGN_STYLE = Automatic;
				CURRENT_PROJECT_VERSION = 1;
				DEVELOPMENT_TEAM = 8HU9P4Z7Y7;
				GENERATE_INFOPLIST_FILE = YES;
				MACOSX_DEPLOYMENT_TARGET = 26.1;
				MARKETING_VERSION = 1.0;
				PRODUCT_BUNDLE_IDENTIFIER = zackdupree.TakeCtrlTests;
				PRODUCT_NAME = "$(TARGET_NAME)";
				STRING_CATALOG_GENERATE_SYMBOLS = NO;
				SWIFT_APPROACHABLE_CONCURRENCY = YES;
				SWIFT_EMIT_LOC_STRINGS = NO;
				SWIFT_UPCOMING_FEATURE_MEMBER_IMPORT_VISIBILITY = YES;
				SWIFT_VERSION = 5.0;
				TEST_HOST = "$(BUILT_PRODUCTS_DIR)/TakeCtrl.app/$(BUNDLE_EXECUTABLE_FOLDER_PATH)/TakeCtrl";
			};
			name = Debug;
		};
		14FA23912ED5934700AF7F67 /* Release */ = {
			isa = XCBuildConfiguration;
			buildSettings = {
				BUNDLE_LOADER = "$(TEST_HOST)";
				CODE_SIGN_STYLE = Automatic;
				CURRENT_PROJECT_VERSION = 1;
				DEVELOPMENT_TEAM = 8HU9P4Z7Y7;
				GENERATE_INFOPLIST_FILE = YES;
				MACOSX_DEPLOYMENT_TARGET = 26.1;
				MARKETING_VERSION = 1.0;
				PRODUCT_BUNDLE_IDENTIFIER = zackdupree.TakeCtrlTests;
				PRODUCT_NAME = "$(TARGET_NAME)";
				STRING_CATALOG_GENERATE_SYMBOLS = NO;
				SWIFT_APPROACHABLE_CONCURRENCY = YES;
				SWIFT_EMIT_LOC_STRINGS = NO;
				SWIFT_UPCOMING_FEATURE_MEMBER_IMPORT_VISIBILITY = YES;
				SWIFT_VERSION = 5.0;
				TEST_HOST = "$(BUILT_PRODUCTS_DIR)/TakeCtrl.app/$(BUNDLE_EXECUTABLE_FOLDER_PATH)/TakeCtrl";
			};
			name = Release;
		};
		14FA23932ED5934700AF7F67 /* Debug */ = {
			isa = XCBuildConfiguration;
			buildSettings = {
				CODE_SIGN_STYLE = Automatic;
				CURRENT_PROJECT_VERSION = 1;
				DEVELOPMENT_TEAM = 8HU9P4Z7Y7;
				GENERATE_INFOPLIST_FILE = YES;
				MARKETING_VERSION = 1.0;
				PRODUCT_BUNDLE_IDENTIFIER = zackdupree.TakeCtrlUITests;
				PRODUCT_NAME = "$(TARGET_NAME)";
				STRING_CATALOG_GENERATE_SYMBOLS = NO;
				SWIFT_APPROACHABLE_CONCURRENCY = YES;
				SWIFT_EMIT_LOC_STRINGS = NO;
				SWIFT_UPCOMING_FEATURE_MEMBER_IMPORT_VISIBILITY = YES;
				SWIFT_VERSION = 5.0;
				TEST_TARGET_NAME = TakeCtrl;
			};
			name = Debug;
		};
		14FA23942ED5934700AF7F67 /* Release */ = {
			isa = XCBuildConfiguration;
			buildSettings = {
				CODE_SIGN_STYLE = Automatic;
				CURRENT_PROJECT_VERSION = 1;
				DEVELOPMENT_TEAM = 8HU9P4Z7Y7;
				GENERATE_INFOPLIST_FILE = YES;
				MARKETING_VERSION = 1.0;
				PRODUCT_BUNDLE_IDENTIFIER = zackdupree.TakeCtrlUITests;
				PRODUCT_NAME = "$(TARGET_NAME)";
				STRING_CATALOG_GENERATE_SYMBOLS = NO;
				SWIFT_APPROACHABLE_CONCURRENCY = YES;
				SWIFT_EMIT_LOC_STRINGS = NO;
				SWIFT_UPCOMING_FEATURE_MEMBER_IMPORT_VISIBILITY = YES;
				SWIFT_VERSION = 5.0;
				TEST_TARGET_NAME = TakeCtrl;
			};
			name = Release;
		};
/* End XCBuildConfiguration section */

/* Begin XCConfigurationList section */
		14FA23662ED5934600AF7F67 /* Build configuration list for PBXProject "TakeCtrl" */ = {
			isa = XCConfigurationList;
			buildConfigurations = (
				14FA238A2ED5934700AF7F67 /* Debug */,
				14FA238B2ED5934700AF7F67 /* Release */,
			);
			defaultConfigurationIsVisible = 0;
			defaultConfigurationName = Release;
		};
		14FA238C2ED5934700AF7F67 /* Build configuration list for PBXNativeTarget "TakeCtrl" */ = {
			isa = XCConfigurationList;
			buildConfigurations = (
				14FA238D2ED5934700AF7F67 /* Debug */,
				14FA238E2ED5934700AF7F67 /* Release */,
			);
			defaultConfigurationIsVisible = 0;
			defaultConfigurationName = Release;
		};
		14FA238F2ED5934700AF7F67 /* Build configuration list for PBXNativeTarget "TakeCtrlTests" */ = {
			isa = XCConfigurationList;
			buildConfigurations = (
				14FA23902ED5934700AF7F67 /* Debug */,
				14FA23912ED5934700AF7F67 /* Release */,
			);
			defaultConfigurationIsVisible = 0;
			defaultConfigurationName = Release;
		};
		14FA23922ED5934700AF7F67 /* Build configuration list for PBXNativeTarget "TakeCtrlUITests" */ = {
			isa = XCConfigurationList;
			buildConfigurations = (
				14FA23932ED5934700AF7F67 /* Debug */,
				14FA23942ED5934700AF7F67 /* Release */,
			);
			defaultConfigurationIsVisible = 0;
			defaultConfigurationName = Release;
		};
/* End XCConfigurationList section */
	};
	rootObject = 14FA23632ED5934600AF7F67 /* Project object */;
}
